<?xml version="1.0" encoding="utf-8"?>
<Project ToolsVersion="4.0" xmlns="http://schemas.microsoft.com/developer/msbuild/2003">
  <ItemGroup>
    <Filter Include="Source Files">
      <UniqueIdentifier>{4FC737F1-C7A5-4376-A066-2A32D752A2FF}</UniqueIdentifier>
      <Extensions>cpp;c;cc;cxx;def;odl;idl;hpj;bat;asm;asmx</Extensions>
    </Filter>
    <Filter Include="Header Files">
      <UniqueIdentifier>{93995380-89BD-4b04-88EB-625FBE52EBFB}</UniqueIdentifier>
      <Extensions>h;hpp;hxx;hm;inl;inc;xsd</Extensions>
    </Filter>
    <Filter Include="Resource Files">
      <UniqueIdentifier>{67DA6AB6-F800-4c08-8B7A-83BB121AAD01}</UniqueIdentifier>
      <Extensions>rc;ico;cur;bmp;dlg;rc2;rct;bin;rgs;gif;jpg;jpeg;jpe;resx;tiff;tif;png;wav;mfcribbon-ms</Extensions>
    </Filter>
    <Filter Include="Source Files\source">
      <UniqueIdentifier>{7462532d-bc18-4505-8d7d-7369cec77e4e}</UniqueIdentifier>
    </Filter>
    <Filter Include="Header Files\include">
      <UniqueIdentifier>{c6537a59-a69c-4103-b05b-1b89fc633371}</UniqueIdentifier>
    </Filter>
    <Filter Include="Header Files\include\bond">
      <UniqueIdentifier>{5fe028b2-2174-4c5c-9e64-6fb5fb389dfb}</UniqueIdentifier>
    </Filter>
    <Filter Include="Header Files\include\bond\private">
      <UniqueIdentifier>{d6758388-edb7-47a9-9a5c-ce2c372c903a}</UniqueIdentifier>
    </Filter>
    <Filter Include="Header Files\source">
      <UniqueIdentifier>{3a38bca7-08b1-4bca-9642-b3385e8ea220}</UniqueIdentifier>
    </Filter>
    <Filter Include="Header Files\source\private">
      <UniqueIdentifier>{3a909947-c56c-427d-87cc-5b57bea1b803}</UniqueIdentifier>
    </Filter>
  </ItemGroup>
  <ItemGroup>
    <ClInclude Include="..\..\source\private\semanticanalysispass.h">
      <Filter>Header Files\source\private</Filter>
    </ClInclude>
    <ClInclude Include="..\..\source\private\toplevelsymbolpass.h">
      <Filter>Header Files\source\private</Filter>
    </ClInclude>
    <ClInclude Include="..\..\source\private\typeevaluationpass.h">
      <Filter>Header Files\source\private</Filter>
    </ClInclude>
    <ClInclude Include="..\..\source\private\typespecifierresolutionpass.h">
      <Filter>Header Files\source\private</Filter>
    </ClInclude>
    <ClInclude Include="..\..\source\private\validationpass.h">
      <Filter>Header Files\source\private</Filter>
    </ClInclude>
    <ClInclude Include="..\..\source\private\valueevaluationpass.h">
      <Filter>Header Files\source\private</Filter>
    </ClInclude>
    <ClInclude Include="..\..\include\bond\private\algorithm.h">
      <Filter>Header Files\include\bond\private</Filter>
    </ClInclude>
    <ClInclude Include="..\..\include\bond\private\list.h">
      <Filter>Header Files\include\bond\private</Filter>
    </ClInclude>
    <ClInclude Include="..\..\include\bond\private\map.h">
      <Filter>Header Files\include\bond\private</Filter>
    </ClInclude>
    <ClInclude Include="..\..\include\bond\private\set.h">
      <Filter>Header Files\include\bond\private</Filter>
    </ClInclude>
    <ClInclude Include="..\..\include\bond\private\stlallocator.h">
      <Filter>Header Files\include\bond\private</Filter>
    </ClInclude>
    <ClInclude Include="..\..\include\bond\private\types.h">
      <Filter>Header Files\include\bond\private</Filter>
    </ClInclude>
    <ClInclude Include="..\..\include\bond\private\vector.h">
      <Filter>Header Files\include\bond\private</Filter>
    </ClInclude>
    <ClInclude Include="..\..\source\private\memory.h">
      <Filter>Header Files\source\private</Filter>
    </ClInclude>
    <ClInclude Include="..\..\include\bond\algorithm.h">
      <Filter>Header Files\include\bond</Filter>
    </ClInclude>
    <ClInclude Include="..\..\include\bond\allocator.h">
      <Filter>Header Files\include\bond</Filter>
    </ClInclude>
    <ClInclude Include="..\..\include\bond\autostack.h">
      <Filter>Header Files\include\bond</Filter>
    </ClInclude>
    <ClInclude Include="..\..\include\bond\binarywriter.h">
      <Filter>Header Files\include\bond</Filter>
    </ClInclude>
    <ClInclude Include="..\..\include\bond\bufferedtextwriter.h">
      <Filter>Header Files\include\bond</Filter>
    </ClInclude>
    <ClInclude Include="..\..\include\bond\cboloader.h">
      <Filter>Header Files\include\bond</Filter>
    </ClInclude>
    <ClInclude Include="..\..\include\bond\cboutil.h">
      <Filter>Header Files\include\bond</Filter>
    </ClInclude>
    <ClInclude Include="..\..\include\bond\cbovalidator.h">
      <Filter>Header Files\include\bond</Filter>
    </ClInclude>
    <ClInclude Include="..\..\include\bond\charstream.h">
      <Filter>Header Files\include\bond</Filter>
    </ClInclude>
    <ClInclude Include="..\..\include\bond\codegenerator.h">
      <Filter>Header Files\include\bond</Filter>
    </ClInclude>
    <ClInclude Include="..\..\include\bond\codesegment.h">
      <Filter>Header Files\include\bond</Filter>
    </ClInclude>
    <ClInclude Include="..\..\include\bond\compilererror.h">
      <Filter>Header Files\include\bond</Filter>
    </ClInclude>
    <ClInclude Include="..\..\include\bond\conf.h">
      <Filter>Header Files\include\bond</Filter>
    </ClInclude>
    <ClInclude Include="..\..\include\bond\defaultallocator.h">
      <Filter>Header Files\include\bond</Filter>
    </ClInclude>
    <ClInclude Include="..\..\include\bond\defaultfileloader.h">
      <Filter>Header Files\include\bond</Filter>
    </ClInclude>
    <ClInclude Include="..\..\include\bond\disassembler.h">
      <Filter>Header Files\include\bond</Filter>
    </ClInclude>
    <ClInclude Include="..\..\include\bond\endian.h">
      <Filter>Header Files\include\bond</Filter>
    </ClInclude>
    <ClInclude Include="..\..\include\bond\filebinarywriter.h">
      <Filter>Header Files\include\bond</Filter>
    </ClInclude>
    <ClInclude Include="..\..\include\bond\fileloader.h">
      <Filter>Header Files\include\bond</Filter>
    </ClInclude>
    <ClInclude Include="..\..\include\bond\hashedstring.h">
      <Filter>Header Files\include\bond</Filter>
    </ClInclude>
    <ClInclude Include="..\..\include\bond\lexer.h">
      <Filter>Header Files\include\bond</Filter>
    </ClInclude>
    <ClInclude Include="..\..\include\bond\list.h">
      <Filter>Header Files\include\bond</Filter>
    </ClInclude>
    <ClInclude Include="..\..\include\bond\map.h">
      <Filter>Header Files\include\bond</Filter>
    </ClInclude>
    <ClInclude Include="..\..\include\bond\math.h">
      <Filter>Header Files\include\bond</Filter>
    </ClInclude>
    <ClInclude Include="..\..\include\bond\opcodes.h">
      <Filter>Header Files\include\bond</Filter>
    </ClInclude>
    <ClInclude Include="..\..\include\bond\parsenodecounter.h">
      <Filter>Header Files\include\bond</Filter>
    </ClInclude>
    <ClInclude Include="..\..\include\bond\parsenodefactory.h">
      <Filter>Header Files\include\bond</Filter>
    </ClInclude>
    <ClInclude Include="..\..\include\bond\parsenodes.h">
      <Filter>Header Files\include\bond</Filter>
    </ClInclude>
    <ClInclude Include="..\..\include\bond\parsenodesfwd.h">
      <Filter>Header Files\include\bond</Filter>
    </ClInclude>
    <ClInclude Include="..\..\include\bond\parsenodetraverser.h">
      <Filter>Header Files\include\bond</Filter>
    </ClInclude>
    <ClInclude Include="..\..\include\bond\parsenodeutil.h">
      <Filter>Header Files\include\bond</Filter>
    </ClInclude>
    <ClInclude Include="..\..\include\bond\parsenodevisitor.h">
      <Filter>Header Files\include\bond</Filter>
    </ClInclude>
    <ClInclude Include="..\..\include\bond\parser.h">
      <Filter>Header Files\include\bond</Filter>
    </ClInclude>
    <ClInclude Include="..\..\include\bond\prettyprinter.h">
      <Filter>Header Files\include\bond</Filter>
    </ClInclude>
    <ClInclude Include="..\..\include\bond\semanticanalyzer.h">
      <Filter>Header Files\include\bond</Filter>
    </ClInclude>
    <ClInclude Include="..\..\include\bond\set.h">
      <Filter>Header Files\include\bond</Filter>
    </ClInclude>
    <ClInclude Include="..\..\include\bond\simplestring.h">
      <Filter>Header Files\include\bond</Filter>
    </ClInclude>
    <ClInclude Include="..\..\include\bond\stdouttextwriter.h">
      <Filter>Header Files\include\bond</Filter>
    </ClInclude>
    <ClInclude Include="..\..\include\bond\stlallocator.h">
      <Filter>Header Files\include\bond</Filter>
    </ClInclude>
    <ClInclude Include="..\..\include\bond\streampos.h">
      <Filter>Header Files\include\bond</Filter>
    </ClInclude>
    <ClInclude Include="..\..\include\bond\stringutil.h">
      <Filter>Header Files\include\bond</Filter>
    </ClInclude>
    <ClInclude Include="..\..\include\bond\symboltable.h">
      <Filter>Header Files\include\bond</Filter>
    </ClInclude>
    <ClInclude Include="..\..\include\bond\textwriter.h">
      <Filter>Header Files\include\bond</Filter>
    </ClInclude>
    <ClInclude Include="..\..\include\bond\token.h">
      <Filter>Header Files\include\bond</Filter>
    </ClInclude>
    <ClInclude Include="..\..\include\bond\tokenstream.h">
      <Filter>Header Files\include\bond</Filter>
    </ClInclude>
    <ClInclude Include="..\..\include\bond\typeandvalue.h">
      <Filter>Header Files\include\bond</Filter>
    </ClInclude>
    <ClInclude Include="..\..\include\bond\types.h">
      <Filter>Header Files\include\bond</Filter>
    </ClInclude>
    <ClInclude Include="..\..\include\bond\value.h">
      <Filter>Header Files\include\bond</Filter>
    </ClInclude>
    <ClInclude Include="..\..\include\bond\vector.h">
      <Filter>Header Files\include\bond</Filter>
    </ClInclude>
    <ClInclude Include="..\..\include\bond\version.h">
      <Filter>Header Files\include\bond</Filter>
    </ClInclude>
    <ClInclude Include="..\..\include\bond\vm.h">
      <Filter>Header Files\include\bond</Filter>
    </ClInclude>
    <ClInclude Include="..\..\include\bond\bufferedbinarywriter.h">
      <Filter>Header Files\include\bond</Filter>
    </ClInclude>
  </ItemGroup>
  <ItemGroup>
    <ClCompile Include="..\..\source\bufferedtextwriter.cpp">
      <Filter>Source Files\source</Filter>
    </ClCompile>
    <ClCompile Include="..\..\source\cboloader.cpp">
      <Filter>Source Files\source</Filter>
    </ClCompile>
    <ClCompile Include="..\..\source\cbovalidator.cpp">
      <Filter>Source Files\source</Filter>
    </ClCompile>
    <ClCompile Include="..\..\source\charstream.cpp">
      <Filter>Source Files\source</Filter>
    </ClCompile>
    <ClCompile Include="..\..\source\codegenerator.cpp">
      <Filter>Source Files\source</Filter>
    </ClCompile>
    <ClCompile Include="..\..\source\codesegment.cpp">
      <Filter>Source Files\source</Filter>
    </ClCompile>
    <ClCompile Include="..\..\source\compilererror.cpp">
      <Filter>Source Files\source</Filter>
    </ClCompile>
    <ClCompile Include="..\..\source\defaultfileloader.cpp">
      <Filter>Source Files\source</Filter>
    </ClCompile>
    <ClCompile Include="..\..\source\disassembler.cpp">
      <Filter>Source Files\source</Filter>
    </ClCompile>
    <ClCompile Include="..\..\source\lexer.cpp">
      <Filter>Source Files\source</Filter>
    </ClCompile>
    <ClCompile Include="..\..\source\opcodes.cpp">
      <Filter>Source Files\source</Filter>
    </ClCompile>
    <ClCompile Include="..\..\source\parsenodecounter.cpp">
      <Filter>Source Files\source</Filter>
    </ClCompile>
    <ClCompile Include="..\..\source\parsenodefactory.cpp">
      <Filter>Source Files\source</Filter>
    </ClCompile>
    <ClCompile Include="..\..\source\parsenodes.cpp">
      <Filter>Source Files\source</Filter>
    </ClCompile>
    <ClCompile Include="..\..\source\parsenodetraverser.cpp">
      <Filter>Source Files\source</Filter>
    </ClCompile>
    <ClCompile Include="..\..\source\parsenodeutil.cpp">
      <Filter>Source Files\source</Filter>
    </ClCompile>
    <ClCompile Include="..\..\source\parser.cpp">
      <Filter>Source Files\source</Filter>
    </ClCompile>
    <ClCompile Include="..\..\source\prettyprinter.cpp">
      <Filter>Source Files\source</Filter>
    </ClCompile>
    <ClCompile Include="..\..\source\semanticanalysispass.cpp">
      <Filter>Source Files\source</Filter>
    </ClCompile>
    <ClCompile Include="..\..\source\semanticanalyzer.cpp">
      <Filter>Source Files\source</Filter>
    </ClCompile>
    <ClCompile Include="..\..\source\stdouttextwriter.cpp">
      <Filter>Source Files\source</Filter>
    </ClCompile>
    <ClCompile Include="..\..\source\stringutil.cpp">
      <Filter>Source Files\source</Filter>
    </ClCompile>
    <ClCompile Include="..\..\source\token.cpp">
      <Filter>Source Files\source</Filter>
    </ClCompile>
    <ClCompile Include="..\..\source\tokenstream.cpp">
      <Filter>Source Files\source</Filter>
    </ClCompile>
    <ClCompile Include="..\..\source\toplevelsymbolpass.cpp">
      <Filter>Source Files\source</Filter>
    </ClCompile>
    <ClCompile Include="..\..\source\typeandvalue.cpp">
      <Filter>Source Files\source</Filter>
    </ClCompile>
    <ClCompile Include="..\..\source\typeevaluationpass.cpp">
      <Filter>Source Files\source</Filter>
    </ClCompile>
    <ClCompile Include="..\..\source\typespecifierresolutionpass.cpp">
      <Filter>Source Files\source</Filter>
    </ClCompile>
    <ClCompile Include="..\..\source\validationpass.cpp">
      <Filter>Source Files\source</Filter>
    </ClCompile>
    <ClCompile Include="..\..\source\valueevaluationpass.cpp">
      <Filter>Source Files\source</Filter>
    </ClCompile>
    <ClCompile Include="..\..\source\vm.cpp">
      <Filter>Source Files\source</Filter>
    </ClCompile>
    <ClCompile Include="..\..\source\bufferedbinarywriter.cpp">
      <Filter>Source Files\source</Filter>
    </ClCompile>
  </ItemGroup>
</Project>