<?xml version="1.0" encoding="utf-8"?>
<Project ToolsVersion="4.0" xmlns="http://schemas.microsoft.com/developer/msbuild/2003">
  <ItemGroup>
    <Filter Include="Source Files">
      <UniqueIdentifier>{4FC737F1-C7A5-4376-A066-2A32D752A2FF}</UniqueIdentifier>
      <Extensions>cpp;c;cc;cxx;def;odl;idl;hpj;bat;asm;asmx</Extensions>
    </Filter>
    <Filter Include="Header Files">
      <UniqueIdentifier>{93995380-89BD-4b04-88EB-625FBE52EBFB}</UniqueIdentifier>
      <Extensions>h;hpp;hxx;hm;inl;inc;xsd</Extensions>
    </Filter>
    <Filter Include="Resource Files">
      <UniqueIdentifier>{67DA6AB6-F800-4c08-8B7A-83BB121AAD01}</UniqueIdentifier>
      <Extensions>rc;ico;cur;bmp;dlg;rc2;rct;bin;rgs;gif;jpg;jpeg;jpe;resx;tiff;tif;png;wav;mfcribbon-ms</Extensions>
    </Filter>
    <Filter Include="Source Files\source">
      <UniqueIdentifier>{7462532d-bc18-4505-8d7d-7369cec77e4e}</UniqueIdentifier>
    </Filter>
    <Filter Include="Header Files\include">
      <UniqueIdentifier>{c6537a59-a69c-4103-b05b-1b89fc633371}</UniqueIdentifier>
    </Filter>
    <Filter Include="Header Files\include\bond">
      <UniqueIdentifier>{5fe028b2-2174-4c5c-9e64-6fb5fb389dfb}</UniqueIdentifier>
    </Filter>
    <Filter Include="Header Files\include\bond\private">
      <UniqueIdentifier>{d6758388-edb7-47a9-9a5c-ce2c372c903a}</UniqueIdentifier>
    </Filter>
    <Filter Include="Header Files\source">
      <UniqueIdentifier>{3a38bca7-08b1-4bca-9642-b3385e8ea220}</UniqueIdentifier>
    </Filter>
    <Filter Include="Header Files\source\private">
      <UniqueIdentifier>{3a909947-c56c-427d-87cc-5b57bea1b803}</UniqueIdentifier>
    </Filter>
    <Filter Include="Header Files\include\bond\compiler">
      <UniqueIdentifier>{a303e9b8-b660-48ce-85b1-b01b24fdb5a7}</UniqueIdentifier>
    </Filter>
    <Filter Include="Header Files\include\bond\io">
      <UniqueIdentifier>{fcdc336e-af2e-4a89-a379-20705a12ffec}</UniqueIdentifier>
    </Filter>
    <Filter Include="Header Files\include\bond\systems">
      <UniqueIdentifier>{ec95a743-b55c-45ec-a739-672e3ccb8908}</UniqueIdentifier>
    </Filter>
    <Filter Include="Header Files\include\bond\stl">
      <UniqueIdentifier>{61830dee-f1dc-48c8-a30f-c98bd13a7c62}</UniqueIdentifier>
    </Filter>
    <Filter Include="Header Files\include\bond\vm">
      <UniqueIdentifier>{246e8d13-41aa-4ced-9afe-dc916a37f0b3}</UniqueIdentifier>
    </Filter>
    <Filter Include="Header Files\include\bond\types">
      <UniqueIdentifier>{05fd033f-9441-46b6-9d2e-6af5942965c0}</UniqueIdentifier>
    </Filter>
    <Filter Include="Header Files\include\bond\tools">
      <UniqueIdentifier>{993a4a81-eaf7-463f-8344-d7cfab664e08}</UniqueIdentifier>
    </Filter>
    <Filter Include="Header Files\include\bond\api">
      <UniqueIdentifier>{f4bc076d-9374-4638-bdf3-63c0ea6fb9c3}</UniqueIdentifier>
    </Filter>
  </ItemGroup>
  <ItemGroup>
    <ClInclude Include="..\..\include\bond\compiler\charstream.h">
      <Filter>Header Files\include\bond\compiler</Filter>
    </ClInclude>
    <ClInclude Include="..\..\include\bond\compiler\codegenerator.h">
      <Filter>Header Files\include\bond\compiler</Filter>
    </ClInclude>
    <ClInclude Include="..\..\include\bond\compiler\compilererror.h">
      <Filter>Header Files\include\bond\compiler</Filter>
    </ClInclude>
    <ClInclude Include="..\..\include\bond\compiler\frontend.h">
      <Filter>Header Files\include\bond\compiler</Filter>
    </ClInclude>
    <ClInclude Include="..\..\include\bond\compiler\lexer.h">
      <Filter>Header Files\include\bond\compiler</Filter>
    </ClInclude>
    <ClInclude Include="..\..\include\bond\compiler\parsenodefactory.h">
      <Filter>Header Files\include\bond\compiler</Filter>
    </ClInclude>
    <ClInclude Include="..\..\include\bond\compiler\parsenodes.h">
      <Filter>Header Files\include\bond\compiler</Filter>
    </ClInclude>
    <ClInclude Include="..\..\include\bond\compiler\parsenodesfwd.h">
      <Filter>Header Files\include\bond\compiler</Filter>
    </ClInclude>
    <ClInclude Include="..\..\include\bond\compiler\parsenodetraverser.h">
      <Filter>Header Files\include\bond\compiler</Filter>
    </ClInclude>
    <ClInclude Include="..\..\include\bond\compiler\parsenodeutil.h">
      <Filter>Header Files\include\bond\compiler</Filter>
    </ClInclude>
    <ClInclude Include="..\..\include\bond\compiler\parsenodevisitor.h">
      <Filter>Header Files\include\bond\compiler</Filter>
    </ClInclude>
    <ClInclude Include="..\..\include\bond\compiler\parser.h">
      <Filter>Header Files\include\bond\compiler</Filter>
    </ClInclude>
    <ClInclude Include="..\..\include\bond\compiler\semanticanalyzer.h">
      <Filter>Header Files\include\bond\compiler</Filter>
    </ClInclude>
    <ClInclude Include="..\..\include\bond\compiler\streampos.h">
      <Filter>Header Files\include\bond\compiler</Filter>
    </ClInclude>
    <ClInclude Include="..\..\include\bond\compiler\symboltable.h">
      <Filter>Header Files\include\bond\compiler</Filter>
    </ClInclude>
    <ClInclude Include="..\..\include\bond\compiler\token.h">
      <Filter>Header Files\include\bond\compiler</Filter>
    </ClInclude>
    <ClInclude Include="..\..\include\bond\compiler\tokenstream.h">
      <Filter>Header Files\include\bond\compiler</Filter>
    </ClInclude>
    <ClInclude Include="..\..\include\bond\compiler\typeandvalue.h">
      <Filter>Header Files\include\bond\compiler</Filter>
    </ClInclude>
    <ClInclude Include="..\..\include\bond\stl\algorithm.h">
      <Filter>Header Files\include\bond\stl</Filter>
    </ClInclude>
    <ClInclude Include="..\..\include\bond\stl\autostack.h">
      <Filter>Header Files\include\bond\stl</Filter>
    </ClInclude>
    <ClInclude Include="..\..\include\bond\stl\list.h">
      <Filter>Header Files\include\bond\stl</Filter>
    </ClInclude>
    <ClInclude Include="..\..\include\bond\stl\map.h">
      <Filter>Header Files\include\bond\stl</Filter>
    </ClInclude>
    <ClInclude Include="..\..\include\bond\stl\set.h">
      <Filter>Header Files\include\bond\stl</Filter>
    </ClInclude>
    <ClInclude Include="..\..\include\bond\stl\stlallocator.h">
      <Filter>Header Files\include\bond\stl</Filter>
    </ClInclude>
    <ClInclude Include="..\..\include\bond\stl\vector.h">
      <Filter>Header Files\include\bond\stl</Filter>
    </ClInclude>
    <ClInclude Include="..\..\include\bond\systems\allocator.h">
      <Filter>Header Files\include\bond\systems</Filter>
    </ClInclude>
    <ClInclude Include="..\..\include\bond\systems\assert.h">
      <Filter>Header Files\include\bond\systems</Filter>
    </ClInclude>
    <ClInclude Include="..\..\include\bond\systems\defaultallocator.h">
      <Filter>Header Files\include\bond\systems</Filter>
    </ClInclude>
    <ClInclude Include="..\..\include\bond\systems\endian.h">
      <Filter>Header Files\include\bond\systems</Filter>
    </ClInclude>
    <ClInclude Include="..\..\include\bond\systems\exception.h">
      <Filter>Header Files\include\bond\systems</Filter>
    </ClInclude>
    <ClInclude Include="..\..\include\bond\systems\math.h">
      <Filter>Header Files\include\bond\systems</Filter>
    </ClInclude>
    <ClInclude Include="..\..\include\bond\systems\resourcehandle.h">
      <Filter>Header Files\include\bond\systems</Filter>
    </ClInclude>
    <ClInclude Include="..\..\include\bond\tools\cboutil.h">
      <Filter>Header Files\include\bond\tools</Filter>
    </ClInclude>
    <ClInclude Include="..\..\include\bond\tools\cbovalidator.h">
      <Filter>Header Files\include\bond\tools</Filter>
    </ClInclude>
    <ClInclude Include="..\..\include\bond\tools\disassembler.h">
      <Filter>Header Files\include\bond\tools</Filter>
    </ClInclude>
    <ClInclude Include="..\..\include\bond\tools\parsenodecounter.h">
      <Filter>Header Files\include\bond\tools</Filter>
    </ClInclude>
    <ClInclude Include="..\..\include\bond\tools\prettyprinter.h">
      <Filter>Header Files\include\bond\tools</Filter>
    </ClInclude>
    <ClInclude Include="..\..\include\bond\types\hashedstring.h">
      <Filter>Header Files\include\bond\types</Filter>
    </ClInclude>
    <ClInclude Include="..\..\include\bond\types\opcodes.h">
      <Filter>Header Files\include\bond\types</Filter>
    </ClInclude>
    <ClInclude Include="..\..\include\bond\types\simplestring.h">
      <Filter>Header Files\include\bond\types</Filter>
    </ClInclude>
    <ClInclude Include="..\..\include\bond\types\stringutil.h">
      <Filter>Header Files\include\bond\types</Filter>
    </ClInclude>
    <ClInclude Include="..\..\include\bond\types\types.h">
      <Filter>Header Files\include\bond\types</Filter>
    </ClInclude>
    <ClInclude Include="..\..\include\bond\types\typeutil.h">
      <Filter>Header Files\include\bond\types</Filter>
    </ClInclude>
    <ClInclude Include="..\..\include\bond\types\value.h">
      <Filter>Header Files\include\bond\types</Filter>
    </ClInclude>
    <ClInclude Include="..\..\include\bond\vm\cboloader.h">
      <Filter>Header Files\include\bond\vm</Filter>
    </ClInclude>
    <ClInclude Include="..\..\include\bond\vm\codesegment.h">
      <Filter>Header Files\include\bond\vm</Filter>
    </ClInclude>
    <ClInclude Include="..\..\include\bond\vm\vm.h">
      <Filter>Header Files\include\bond\vm</Filter>
    </ClInclude>
    <ClInclude Include="..\..\include\bond\io\binarywriter.h">
      <Filter>Header Files\include\bond\io</Filter>
    </ClInclude>
    <ClInclude Include="..\..\include\bond\io\bufferedbinarywriter.h">
      <Filter>Header Files\include\bond\io</Filter>
    </ClInclude>
    <ClInclude Include="..\..\include\bond\io\bufferedtextwriter.h">
      <Filter>Header Files\include\bond\io</Filter>
    </ClInclude>
    <ClInclude Include="..\..\include\bond\io\diskfileloader.h">
      <Filter>Header Files\include\bond\io</Filter>
    </ClInclude>
    <ClInclude Include="..\..\include\bond\io\fileloader.h">
      <Filter>Header Files\include\bond\io</Filter>
    </ClInclude>
    <ClInclude Include="..\..\include\bond\io\memoryfileloader.h">
      <Filter>Header Files\include\bond\io</Filter>
    </ClInclude>
    <ClInclude Include="..\..\include\bond\io\stdiobinarywriter.h">
      <Filter>Header Files\include\bond\io</Filter>
    </ClInclude>
    <ClInclude Include="..\..\include\bond\io\stdiotextwriter.h">
      <Filter>Header Files\include\bond\io</Filter>
    </ClInclude>
    <ClInclude Include="..\..\include\bond\io\textwriter.h">
      <Filter>Header Files\include\bond\io</Filter>
    </ClInclude>
    <ClInclude Include="..\..\include\bond\api\libinclude.h">
      <Filter>Header Files\include\bond\api</Filter>
    </ClInclude>
    <ClInclude Include="..\..\include\bond\api\libmath.h">
      <Filter>Header Files\include\bond\api</Filter>
    </ClInclude>
    <ClInclude Include="..\..\include\bond\api\libruntime.h">
      <Filter>Header Files\include\bond\api</Filter>
    </ClInclude>
    <ClInclude Include="..\..\include\bond\api\libstring.h">
      <Filter>Header Files\include\bond\api</Filter>
    </ClInclude>
    <ClInclude Include="..\..\include\bond\api\nativebinding.h">
      <Filter>Header Files\include\bond\api</Filter>
    </ClInclude>
    <ClInclude Include="..\..\include\bond\private\algorithm.h">
      <Filter>Header Files\include\bond\private</Filter>
    </ClInclude>
    <ClInclude Include="..\..\include\bond\private\assert.h">
      <Filter>Header Files\include\bond\private</Filter>
    </ClInclude>
    <ClInclude Include="..\..\include\bond\private\libinclude_embedded.h">
      <Filter>Header Files\include\bond\private</Filter>
    </ClInclude>
    <ClInclude Include="..\..\include\bond\private\libruntime32_embedded.h">
      <Filter>Header Files\include\bond\private</Filter>
    </ClInclude>
    <ClInclude Include="..\..\include\bond\private\libruntime64_embedded.h">
      <Filter>Header Files\include\bond\private</Filter>
    </ClInclude>
    <ClInclude Include="..\..\include\bond\private\list.h">
      <Filter>Header Files\include\bond\private</Filter>
    </ClInclude>
    <ClInclude Include="..\..\include\bond\private\map.h">
      <Filter>Header Files\include\bond\private</Filter>
    </ClInclude>
    <ClInclude Include="..\..\include\bond\private\set.h">
      <Filter>Header Files\include\bond\private</Filter>
    </ClInclude>
    <ClInclude Include="..\..\include\bond\private\stlallocator.h">
      <Filter>Header Files\include\bond\private</Filter>
    </ClInclude>
    <ClInclude Include="..\..\include\bond\private\types.h">
      <Filter>Header Files\include\bond\private</Filter>
    </ClInclude>
    <ClInclude Include="..\..\include\bond\private\vector.h">
      <Filter>Header Files\include\bond\private</Filter>
    </ClInclude>
    <ClInclude Include="..\..\source\private\libinclude_embedded_cpp.h">
      <Filter>Header Files\source\private</Filter>
    </ClInclude>
    <ClInclude Include="..\..\source\private\libruntime32_embedded.h">
      <Filter>Header Files\source\private</Filter>
    </ClInclude>
    <ClInclude Include="..\..\source\private\libruntime64_embedded.h">
      <Filter>Header Files\source\private</Filter>
    </ClInclude>
    <ClInclude Include="..\..\source\private\memory.h">
      <Filter>Header Files\source\private</Filter>
    </ClInclude>
    <ClInclude Include="..\..\source\private\semanticanalysispass.h">
      <Filter>Header Files\source\private</Filter>
    </ClInclude>
    <ClInclude Include="..\..\source\private\toplevelsymbolpass.h">
      <Filter>Header Files\source\private</Filter>
    </ClInclude>
    <ClInclude Include="..\..\source\private\typeevaluationpass.h">
      <Filter>Header Files\source\private</Filter>
    </ClInclude>
    <ClInclude Include="..\..\source\private\typespecifierresolutionpass.h">
      <Filter>Header Files\source\private</Filter>
    </ClInclude>
    <ClInclude Include="..\..\source\private\validationpass.h">
      <Filter>Header Files\source\private</Filter>
    </ClInclude>
    <ClInclude Include="..\..\source\private\valueevaluationpass.h">
      <Filter>Header Files\source\private</Filter>
    </ClInclude>
    <ClInclude Include="..\..\include\bond\api\libtype.h">
      <Filter>Header Files\include\bond\api</Filter>
    </ClInclude>
  </ItemGroup>
  <ItemGroup>
    <ClCompile Include="..\..\source\bufferedbinarywriter.cpp">
      <Filter>Source Files\source</Filter>
    </ClCompile>
    <ClCompile Include="..\..\source\bufferedtextwriter.cpp">
      <Filter>Source Files\source</Filter>
    </ClCompile>
    <ClCompile Include="..\..\source\cboloader.cpp">
      <Filter>Source Files\source</Filter>
    </ClCompile>
    <ClCompile Include="..\..\source\cbovalidator.cpp">
      <Filter>Source Files\source</Filter>
    </ClCompile>
    <ClCompile Include="..\..\source\charstream.cpp">
      <Filter>Source Files\source</Filter>
    </ClCompile>
    <ClCompile Include="..\..\source\codegenerator.cpp">
      <Filter>Source Files\source</Filter>
    </ClCompile>
    <ClCompile Include="..\..\source\codesegment.cpp">
      <Filter>Source Files\source</Filter>
    </ClCompile>
    <ClCompile Include="..\..\source\compilererror.cpp">
      <Filter>Source Files\source</Filter>
    </ClCompile>
    <ClCompile Include="..\..\source\defaultallocator.cpp">
      <Filter>Source Files\source</Filter>
    </ClCompile>
    <ClCompile Include="..\..\source\disassembler.cpp">
      <Filter>Source Files\source</Filter>
    </ClCompile>
    <ClCompile Include="..\..\source\diskfileloader.cpp">
      <Filter>Source Files\source</Filter>
    </ClCompile>
    <ClCompile Include="..\..\source\exception.cpp">
      <Filter>Source Files\source</Filter>
    </ClCompile>
    <ClCompile Include="..\..\source\frontend.cpp">
      <Filter>Source Files\source</Filter>
    </ClCompile>
    <ClCompile Include="..\..\source\lexer.cpp">
      <Filter>Source Files\source</Filter>
    </ClCompile>
    <ClCompile Include="..\..\source\libinclude.cpp">
      <Filter>Source Files\source</Filter>
    </ClCompile>
    <ClCompile Include="..\..\source\libmath.cpp">
      <Filter>Source Files\source</Filter>
    </ClCompile>
    <ClCompile Include="..\..\source\libmathbindings.cpp">
      <Filter>Source Files\source</Filter>
    </ClCompile>
    <ClCompile Include="..\..\source\libruntime.cpp">
      <Filter>Source Files\source</Filter>
    </ClCompile>
    <ClCompile Include="..\..\source\libstring.cpp">
      <Filter>Source Files\source</Filter>
    </ClCompile>
    <ClCompile Include="..\..\source\libstringbindings.cpp">
      <Filter>Source Files\source</Filter>
    </ClCompile>
    <ClCompile Include="..\..\source\memoryfileloader.cpp">
      <Filter>Source Files\source</Filter>
    </ClCompile>
    <ClCompile Include="..\..\source\nativebindinggenerator.cpp">
      <Filter>Source Files\source</Filter>
    </ClCompile>
    <ClCompile Include="..\..\source\opcodes.cpp">
      <Filter>Source Files\source</Filter>
    </ClCompile>
    <ClCompile Include="..\..\source\parsenodecounter.cpp">
      <Filter>Source Files\source</Filter>
    </ClCompile>
    <ClCompile Include="..\..\source\parsenodefactory.cpp">
      <Filter>Source Files\source</Filter>
    </ClCompile>
    <ClCompile Include="..\..\source\parsenodes.cpp">
      <Filter>Source Files\source</Filter>
    </ClCompile>
    <ClCompile Include="..\..\source\parsenodetraverser.cpp">
      <Filter>Source Files\source</Filter>
    </ClCompile>
    <ClCompile Include="..\..\source\parsenodeutil.cpp">
      <Filter>Source Files\source</Filter>
    </ClCompile>
    <ClCompile Include="..\..\source\parser.cpp">
      <Filter>Source Files\source</Filter>
    </ClCompile>
    <ClCompile Include="..\..\source\prettyprinter.cpp">
      <Filter>Source Files\source</Filter>
    </ClCompile>
    <ClCompile Include="..\..\source\semanticanalysispass.cpp">
      <Filter>Source Files\source</Filter>
    </ClCompile>
    <ClCompile Include="..\..\source\semanticanalyzer.cpp">
      <Filter>Source Files\source</Filter>
    </ClCompile>
    <ClCompile Include="..\..\source\stdiotextwriter.cpp">
      <Filter>Source Files\source</Filter>
    </ClCompile>
    <ClCompile Include="..\..\source\stringutil.cpp">
      <Filter>Source Files\source</Filter>
    </ClCompile>
    <ClCompile Include="..\..\source\token.cpp">
      <Filter>Source Files\source</Filter>
    </ClCompile>
    <ClCompile Include="..\..\source\tokenstream.cpp">
      <Filter>Source Files\source</Filter>
    </ClCompile>
    <ClCompile Include="..\..\source\toplevelsymbolpass.cpp">
      <Filter>Source Files\source</Filter>
    </ClCompile>
    <ClCompile Include="..\..\source\typeandvalue.cpp">
      <Filter>Source Files\source</Filter>
    </ClCompile>
    <ClCompile Include="..\..\source\typeevaluationpass.cpp">
      <Filter>Source Files\source</Filter>
    </ClCompile>
    <ClCompile Include="..\..\source\typespecifierresolutionpass.cpp">
      <Filter>Source Files\source</Filter>
    </ClCompile>
    <ClCompile Include="..\..\source\validateconfiguration.cpp">
      <Filter>Source Files\source</Filter>
    </ClCompile>
    <ClCompile Include="..\..\source\validationpass.cpp">
      <Filter>Source Files\source</Filter>
    </ClCompile>
    <ClCompile Include="..\..\source\valueevaluationpass.cpp">
      <Filter>Source Files\source</Filter>
    </ClCompile>
    <ClCompile Include="..\..\source\vm.cpp">
      <Filter>Source Files\source</Filter>
    </ClCompile>
    <ClCompile Include="..\..\source\textwriter.cpp">
      <Filter>Source Files\source</Filter>
    </ClCompile>
    <ClCompile Include="..\..\source\parsetreeprinter.cpp">
      <Filter>Source Files\source</Filter>
    </ClCompile>
    <ClCompile Include="..\..\source\libtype.cpp">
      <Filter>Source Files\source</Filter>
    </ClCompile>
    <ClCompile Include="..\..\source\libtypebindings.cpp">
      <Filter>Source Files\source</Filter>
    </ClCompile>
  </ItemGroup>
</Project>